// !$*UTF8*$!
{
	archiveVersion = 1;
	classes = {
	};
	objectVersion = 46;
	objects = {

/* Begin PBXBuildFile section */
		792DAF6D19B22F2700969CBB /* Call friends.svg in Resources */ = {isa = PBXBuildFile; fileRef = 792DAF6919B22F2700969CBB /* Call friends.svg */; };
		792DAF6E19B22F2700969CBB /* Close call.svg in Resources */ = {isa = PBXBuildFile; fileRef = 792DAF6A19B22F2700969CBB /* Close call.svg */; };
		792DAF6F19B22F2700969CBB /* Info settings.svg in Resources */ = {isa = PBXBuildFile; fileRef = 792DAF6B19B22F2700969CBB /* Info settings.svg */; };
		792DAF7019B22F2700969CBB /* Pre-recorded.svg in Resources */ = {isa = PBXBuildFile; fileRef = 792DAF6C19B22F2700969CBB /* Pre-recorded.svg */; };
		792DAF7519B2312A00969CBB /* Call friends.png in Resources */ = {isa = PBXBuildFile; fileRef = 792DAF7119B2312A00969CBB /* Call friends.png */; };
		792DAF7619B2312A00969CBB /* Close call.png in Resources */ = {isa = PBXBuildFile; fileRef = 792DAF7219B2312A00969CBB /* Close call.png */; };
		792DAF7719B2312A00969CBB /* Info settings.png in Resources */ = {isa = PBXBuildFile; fileRef = 792DAF7319B2312A00969CBB /* Info settings.png */; };
		792DAF7819B2312A00969CBB /* Pre-recorded.png in Resources */ = {isa = PBXBuildFile; fileRef = 792DAF7419B2312A00969CBB /* Pre-recorded.png */; };
		792DAF7E19B2337500969CBB /* AVFoundation.framework in Frameworks */ = {isa = PBXBuildFile; fileRef = 792DAF7D19B2337500969CBB /* AVFoundation.framework */; settings = {ATTRIBUTES = (Weak, ); }; };
		7933DE5319B21C6B00CE303A /* AppDelegate.swift in Sources */ = {isa = PBXBuildFile; fileRef = 7933DE5219B21C6B00CE303A /* AppDelegate.swift */; };
		7933DE5519B21C6B00CE303A /* ViewController.swift in Sources */ = {isa = PBXBuildFile; fileRef = 7933DE5419B21C6B00CE303A /* ViewController.swift */; };
		7933DE5819B21C6B00CE303A /* Main.storyboard in Resources */ = {isa = PBXBuildFile; fileRef = 7933DE5619B21C6B00CE303A /* Main.storyboard */; };
		7933DE5A19B21C6B00CE303A /* Images.xcassets in Resources */ = {isa = PBXBuildFile; fileRef = 7933DE5919B21C6B00CE303A /* Images.xcassets */; };
		7933DE6619B21C6B00CE303A /* Uh_oh_Tests.swift in Sources */ = {isa = PBXBuildFile; fileRef = 7933DE6519B21C6B00CE303A /* Uh_oh_Tests.swift */; };
/* End PBXBuildFile section */

/* Begin PBXContainerItemProxy section */
		7933DE6019B21C6B00CE303A /* PBXContainerItemProxy */ = {
			isa = PBXContainerItemProxy;
			containerPortal = 7933DE4519B21C6A00CE303A /* Project object */;
			proxyType = 1;
			remoteGlobalIDString = 7933DE4C19B21C6A00CE303A;
			remoteInfo = "Uh oh!";
		};
/* End PBXContainerItemProxy section */

/* Begin PBXFileReference section */
		792DAF6919B22F2700969CBB /* Call friends.svg */ = {isa = PBXFileReference; fileEncoding = 4; lastKnownFileType = text.xml; path = "Call friends.svg"; sourceTree = "<group>"; };
		792DAF6A19B22F2700969CBB /* Close call.svg */ = {isa = PBXFileReference; fileEncoding = 4; lastKnownFileType = text.xml; path = "Close call.svg"; sourceTree = "<group>"; };
		792DAF6B19B22F2700969CBB /* Info settings.svg */ = {isa = PBXFileReference; fileEncoding = 4; lastKnownFileType = text.xml; path = "Info settings.svg"; sourceTree = "<group>"; };
		792DAF6C19B22F2700969CBB /* Pre-recorded.svg */ = {isa = PBXFileReference; fileEncoding = 4; lastKnownFileType = text.xml; path = "Pre-recorded.svg"; sourceTree = "<group>"; };
		792DAF7119B2312A00969CBB /* Call friends.png */ = {isa = PBXFileReference; lastKnownFileType = image.png; path = "Call friends.png"; sourceTree = "<group>"; };
		792DAF7219B2312A00969CBB /* Close call.png */ = {isa = PBXFileReference; lastKnownFileType = image.png; path = "Close call.png"; sourceTree = "<group>"; };
		792DAF7319B2312A00969CBB /* Info settings.png */ = {isa = PBXFileReference; lastKnownFileType = image.png; path = "Info settings.png"; sourceTree = "<group>"; };
		792DAF7419B2312A00969CBB /* Pre-recorded.png */ = {isa = PBXFileReference; lastKnownFileType = image.png; path = "Pre-recorded.png"; sourceTree = "<group>"; };
		792DAF7919B2331D00969CBB /* CoreTelephony.framework */ = {isa = PBXFileReference; lastKnownFileType = wrapper.framework; name = CoreTelephony.framework; path = System/Library/Frameworks/CoreTelephony.framework; sourceTree = SDKROOT; };
		792DAF7B19B2332900969CBB /* CoreAudio.framework */ = {isa = PBXFileReference; lastKnownFileType = wrapper.framework; name = CoreAudio.framework; path = System/Library/Frameworks/CoreAudio.framework; sourceTree = SDKROOT; };
		792DAF7D19B2337500969CBB /* AVFoundation.framework */ = {isa = PBXFileReference; lastKnownFileType = wrapper.framework; name = AVFoundation.framework; path = System/Library/Frameworks/AVFoundation.framework; sourceTree = SDKROOT; };
		7933DE4D19B21C6B00CE303A /* Uh oh!.app */ = {isa = PBXFileReference; explicitFileType = wrapper.application; includeInIndex = 0; path = "Uh oh!.app"; sourceTree = BUILT_PRODUCTS_DIR; };
		7933DE5119B21C6B00CE303A /* Info.plist */ = {isa = PBXFileReference; lastKnownFileType = text.plist.xml; path = Info.plist; sourceTree = "<group>"; };
		7933DE5219B21C6B00CE303A /* AppDelegate.swift */ = {isa = PBXFileReference; lastKnownFileType = sourcecode.swift; path = AppDelegate.swift; sourceTree = "<group>"; };
		7933DE5419B21C6B00CE303A /* ViewController.swift */ = {isa = PBXFileReference; lastKnownFileType = sourcecode.swift; path = ViewController.swift; sourceTree = "<group>"; };
		7933DE5719B21C6B00CE303A /* Base */ = {isa = PBXFileReference; lastKnownFileType = file.storyboard; name = Base; path = Base.lproj/Main.storyboard; sourceTree = "<group>"; };
		7933DE5919B21C6B00CE303A /* Images.xcassets */ = {isa = PBXFileReference; lastKnownFileType = folder.assetcatalog; path = Images.xcassets; sourceTree = "<group>"; };
		7933DE5F19B21C6B00CE303A /* Uh oh!Tests.xctest */ = {isa = PBXFileReference; explicitFileType = wrapper.cfbundle; includeInIndex = 0; path = "Uh oh!Tests.xctest"; sourceTree = BUILT_PRODUCTS_DIR; };
		7933DE6419B21C6B00CE303A /* Info.plist */ = {isa = PBXFileReference; lastKnownFileType = text.plist.xml; path = Info.plist; sourceTree = "<group>"; };
		7933DE6519B21C6B00CE303A /* Uh_oh_Tests.swift */ = {isa = PBXFileReference; lastKnownFileType = sourcecode.swift; path = Uh_oh_Tests.swift; sourceTree = "<group>"; };
/* End PBXFileReference section */

/* Begin PBXFrameworksBuildPhase section */
		7933DE4A19B21C6A00CE303A /* Frameworks */ = {
			isa = PBXFrameworksBuildPhase;
			buildActionMask = 2147483647;
			files = (
				792DAF7E19B2337500969CBB /* AVFoundation.framework in Frameworks */,
			);
			runOnlyForDeploymentPostprocessing = 0;
		};
		7933DE5C19B21C6B00CE303A /* Frameworks */ = {
			isa = PBXFrameworksBuildPhase;
			buildActionMask = 2147483647;
			files = (
			);
			runOnlyForDeploymentPostprocessing = 0;
		};
/* End PBXFrameworksBuildPhase section */

/* Begin PBXGroup section */
		7933DE4419B21C6A00CE303A = {
			isa = PBXGroup;
			children = (
				792DAF7D19B2337500969CBB /* AVFoundation.framework */,
				792DAF7B19B2332900969CBB /* CoreAudio.framework */,
				792DAF7919B2331D00969CBB /* CoreTelephony.framework */,
				7933DE4F19B21C6B00CE303A /* Uh oh! */,
				7933DE6219B21C6B00CE303A /* Uh oh!Tests */,
				7933DE4E19B21C6B00CE303A /* Products */,
			);
			sourceTree = "<group>";
		};
		7933DE4E19B21C6B00CE303A /* Products */ = {
			isa = PBXGroup;
			children = (
				7933DE4D19B21C6B00CE303A /* Uh oh!.app */,
				7933DE5F19B21C6B00CE303A /* Uh oh!Tests.xctest */,
			);
			name = Products;
			sourceTree = "<group>";
		};
		7933DE4F19B21C6B00CE303A /* Uh oh! */ = {
			isa = PBXGroup;
			children = (
				7933DE5219B21C6B00CE303A /* AppDelegate.swift */,
				7933DE5419B21C6B00CE303A /* ViewController.swift */,
				7933DE5619B21C6B00CE303A /* Main.storyboard */,
				7933DE5919B21C6B00CE303A /* Images.xcassets */,
				792DAF6919B22F2700969CBB /* Call friends.svg */,
				792DAF6A19B22F2700969CBB /* Close call.svg */,
				792DAF6B19B22F2700969CBB /* Info settings.svg */,
				792DAF6C19B22F2700969CBB /* Pre-recorded.svg */,
				7933DE5019B21C6B00CE303A /* Supporting Files */,
			);
			path = "Uh oh!";
			sourceTree = "<group>";
		};
		7933DE5019B21C6B00CE303A /* Supporting Files */ = {
			isa = PBXGroup;
			children = (
				792DAF7119B2312A00969CBB /* Call friends.png */,
				792DAF7219B2312A00969CBB /* Close call.png */,
				792DAF7319B2312A00969CBB /* Info settings.png */,
				792DAF7419B2312A00969CBB /* Pre-recorded.png */,
				7933DE5119B21C6B00CE303A /* Info.plist */,
			);
			name = "Supporting Files";
			sourceTree = "<group>";
		};
		7933DE6219B21C6B00CE303A /* Uh oh!Tests */ = {
			isa = PBXGroup;
			children = (
				7933DE6519B21C6B00CE303A /* Uh_oh_Tests.swift */,
				7933DE6319B21C6B00CE303A /* Supporting Files */,
			);
			path = "Uh oh!Tests";
			sourceTree = "<group>";
		};
		7933DE6319B21C6B00CE303A /* Supporting Files */ = {
			isa = PBXGroup;
			children = (
				7933DE6419B21C6B00CE303A /* Info.plist */,
			);
			name = "Supporting Files";
			sourceTree = "<group>";
		};
/* End PBXGroup section */

/* Begin PBXNativeTarget section */
		7933DE4C19B21C6A00CE303A /* Uh oh! */ = {
			isa = PBXNativeTarget;
			buildConfigurationList = 7933DE6919B21C6B00CE303A /* Build configuration list for PBXNativeTarget "Uh oh!" */;
			buildPhases = (
				7933DE4919B21C6A00CE303A /* Sources */,
				7933DE4A19B21C6A00CE303A /* Frameworks */,
				7933DE4B19B21C6A00CE303A /* Resources */,
			);
			buildRules = (
			);
			dependencies = (
			);
			name = "Uh oh!";
			productName = "Uh oh!";
			productReference = 7933DE4D19B21C6B00CE303A /* Uh oh!.app */;
			productType = "com.apple.product-type.application";
		};
		7933DE5E19B21C6B00CE303A /* Uh oh!Tests */ = {
			isa = PBXNativeTarget;
			buildConfigurationList = 7933DE6C19B21C6B00CE303A /* Build configuration list for PBXNativeTarget "Uh oh!Tests" */;
			buildPhases = (
				7933DE5B19B21C6B00CE303A /* Sources */,
				7933DE5C19B21C6B00CE303A /* Frameworks */,
				7933DE5D19B21C6B00CE303A /* Resources */,
			);
			buildRules = (
			);
			dependencies = (
				7933DE6119B21C6B00CE303A /* PBXTargetDependency */,
			);
			name = "Uh oh!Tests";
			productName = "Uh oh!Tests";
			productReference = 7933DE5F19B21C6B00CE303A /* Uh oh!Tests.xctest */;
			productType = "com.apple.product-type.bundle.unit-test";
		};
/* End PBXNativeTarget section */

/* Begin PBXProject section */
		7933DE4519B21C6A00CE303A /* Project object */ = {
			isa = PBXProject;
			attributes = {
				LastUpgradeCheck = 0600;
				ORGANIZATIONNAME = "Richard Matheson";
				TargetAttributes = {
					7933DE4C19B21C6A00CE303A = {
						CreatedOnToolsVersion = 6.0;
					};
					7933DE5E19B21C6B00CE303A = {
						CreatedOnToolsVersion = 6.0;
						TestTargetID = 7933DE4C19B21C6A00CE303A;
					};
				};
			};
			buildConfigurationList = 7933DE4819B21C6A00CE303A /* Build configuration list for PBXProject "Uh oh!" */;
			compatibilityVersion = "Xcode 3.2";
			developmentRegion = English;
			hasScannedForEncodings = 0;
			knownRegions = (
				en,
				Base,
			);
			mainGroup = 7933DE4419B21C6A00CE303A;
			productRefGroup = 7933DE4E19B21C6B00CE303A /* Products */;
			projectDirPath = "";
			projectRoot = "";
			targets = (
				7933DE4C19B21C6A00CE303A /* Uh oh! */,
				7933DE5E19B21C6B00CE303A /* Uh oh!Tests */,
			);
		};
/* End PBXProject section */

/* Begin PBXResourcesBuildPhase section */
		7933DE4B19B21C6A00CE303A /* Resources */ = {
			isa = PBXResourcesBuildPhase;
			buildActionMask = 2147483647;
			files = (
				792DAF6E19B22F2700969CBB /* Close call.svg in Resources */,
				792DAF7619B2312A00969CBB /* Close call.png in Resources */,
				792DAF7019B22F2700969CBB /* Pre-recorded.svg in Resources */,
				7933DE5819B21C6B00CE303A /* Main.storyboard in Resources */,
				7933DE5A19B21C6B00CE303A /* Images.xcassets in Resources */,
				792DAF6F19B22F2700969CBB /* Info settings.svg in Resources */,
				792DAF7519B2312A00969CBB /* Call friends.png in Resources */,
				792DAF7719B2312A00969CBB /* Info settings.png in Resources */,
				792DAF6D19B22F2700969CBB /* Call friends.svg in Resources */,
				792DAF7819B2312A00969CBB /* Pre-recorded.png in Resources */,
			);
			runOnlyForDeploymentPostprocessing = 0;
		};
		7933DE5D19B21C6B00CE303A /* Resources */ = {
			isa = PBXResourcesBuildPhase;
			buildActionMask = 2147483647;
			files = (
			);
			runOnlyForDeploymentPostprocessing = 0;
		};
/* End PBXResourcesBuildPhase section */

/* Begin PBXSourcesBuildPhase section */
		7933DE4919B21C6A00CE303A /* Sources */ = {
			isa = PBXSourcesBuildPhase;
			buildActionMask = 2147483647;
			files = (
				7933DE5519B21C6B00CE303A /* ViewController.swift in Sources */,
				7933DE5319B21C6B00CE303A /* AppDelegate.swift in Sources */,
			);
			runOnlyForDeploymentPostprocessing = 0;
		};
		7933DE5B19B21C6B00CE303A /* Sources */ = {
			isa = PBXSourcesBuildPhase;
			buildActionMask = 2147483647;
			files = (
				7933DE6619B21C6B00CE303A /* Uh_oh_Tests.swift in Sources */,
			);
			runOnlyForDeploymentPostprocessing = 0;
		};
/* End PBXSourcesBuildPhase section */

/* Begin PBXTargetDependency section */
		7933DE6119B21C6B00CE303A /* PBXTargetDependency */ = {
			isa = PBXTargetDependency;
			target = 7933DE4C19B21C6A00CE303A /* Uh oh! */;
			targetProxy = 7933DE6019B21C6B00CE303A /* PBXContainerItemProxy */;
		};
/* End PBXTargetDependency section */

/* Begin PBXVariantGroup section */
		7933DE5619B21C6B00CE303A /* Main.storyboard */ = {
			isa = PBXVariantGroup;
			children = (
				7933DE5719B21C6B00CE303A /* Base */,
			);
			name = Main.storyboard;
			sourceTree = "<group>";
		};
/* End PBXVariantGroup section */

/* Begin XCBuildConfiguration section */
		7933DE6719B21C6B00CE303A /* Debug */ = {
			isa = XCBuildConfiguration;
			buildSettings = {
				ALWAYS_SEARCH_USER_PATHS = NO;
				CLANG_CXX_LANGUAGE_STANDARD = "gnu++0x";
				CLANG_CXX_LIBRARY = "libc++";
				CLANG_ENABLE_MODULES = YES;
				CLANG_ENABLE_OBJC_ARC = YES;
				CLANG_WARN_BOOL_CONVERSION = YES;
				CLANG_WARN_CONSTANT_CONVERSION = YES;
				CLANG_WARN_DIRECT_OBJC_ISA_USAGE = YES_ERROR;
				CLANG_WARN_EMPTY_BODY = YES;
				CLANG_WARN_ENUM_CONVERSION = YES;
				CLANG_WARN_INT_CONVERSION = YES;
				CLANG_WARN_OBJC_ROOT_CLASS = YES_ERROR;
				CLANG_WARN_UNREACHABLE_CODE = YES;
				CLANG_WARN__DUPLICATE_METHOD_MATCH = YES;
				"CODE_SIGN_IDENTITY[sdk=iphoneos*]" = "iPhone Developer";
				COPY_PHASE_STRIP = NO;
				ENABLE_STRICT_OBJC_MSGSEND = YES;
				GCC_C_LANGUAGE_STANDARD = gnu99;
				GCC_DYNAMIC_NO_PIC = NO;
				GCC_OPTIMIZATION_LEVEL = 0;
				GCC_PREPROCESSOR_DEFINITIONS = (
					"DEBUG=1",
					"$(inherited)",
				);
				GCC_SYMBOLS_PRIVATE_EXTERN = NO;
				GCC_WARN_64_TO_32_BIT_CONVERSION = YES;
				GCC_WARN_ABOUT_RETURN_TYPE = YES_ERROR;
				GCC_WARN_UNDECLARED_SELECTOR = YES;
				GCC_WARN_UNINITIALIZED_AUTOS = YES_AGGRESSIVE;
				GCC_WARN_UNUSED_FUNCTION = YES;
				GCC_WARN_UNUSED_VARIABLE = YES;
				IPHONEOS_DEPLOYMENT_TARGET = 8.0;
				MTL_ENABLE_DEBUG_INFO = YES;
				ONLY_ACTIVE_ARCH = YES;
				SDKROOT = iphoneos;
				SWIFT_OPTIMIZATION_LEVEL = "-Onone";
			};
			name = Debug;
		};
		7933DE6819B21C6B00CE303A /* Release */ = {
			isa = XCBuildConfiguration;
			buildSettings = {
				ALWAYS_SEARCH_USER_PATHS = NO;
				CLANG_CXX_LANGUAGE_STANDARD = "gnu++0x";
				CLANG_CXX_LIBRARY = "libc++";
				CLANG_ENABLE_MODULES = YES;
				CLANG_ENABLE_OBJC_ARC = YES;
				CLANG_WARN_BOOL_CONVERSION = YES;
				CLANG_WARN_CONSTANT_CONVERSION = YES;
				CLANG_WARN_DIRECT_OBJC_ISA_USAGE = YES_ERROR;
				CLANG_WARN_EMPTY_BODY = YES;
				CLANG_WARN_ENUM_CONVERSION = YES;
				CLANG_WARN_INT_CONVERSION = YES;
				CLANG_WARN_OBJC_ROOT_CLASS = YES_ERROR;
				CLANG_WARN_UNREACHABLE_CODE = YES;
				CLANG_WARN__DUPLICATE_METHOD_MATCH = YES;
				"CODE_SIGN_IDENTITY[sdk=iphoneos*]" = "iPhone Developer";
				COPY_PHASE_STRIP = YES;
				ENABLE_NS_ASSERTIONS = NO;
				ENABLE_STRICT_OBJC_MSGSEND = YES;
				GCC_C_LANGUAGE_STANDARD = gnu99;
				GCC_WARN_64_TO_32_BIT_CONVERSION = YES;
				GCC_WARN_ABOUT_RETURN_TYPE = YES_ERROR;
				GCC_WARN_UNDECLARED_SELECTOR = YES;
				GCC_WARN_UNINITIALIZED_AUTOS = YES_AGGRESSIVE;
				GCC_WARN_UNUSED_FUNCTION = YES;
				GCC_WARN_UNUSED_VARIABLE = YES;
				IPHONEOS_DEPLOYMENT_TARGET = 8.0;
				MTL_ENABLE_DEBUG_INFO = NO;
				SDKROOT = iphoneos;
				VALIDATE_PRODUCT = YES;
			};
			name = Release;
		};
		7933DE6A19B21C6B00CE303A /* Debug */ = {
			isa = XCBuildConfiguration;
			buildSettings = {
				ASSETCATALOG_COMPILER_APPICON_NAME = AppIcon;
				ASSETCATALOG_COMPILER_LAUNCHIMAGE_NAME = LaunchImage;
				INFOPLIST_FILE = "Uh oh!/Info.plist";
				LD_RUNPATH_SEARCH_PATHS = "$(inherited) @executable_path/Frameworks";
				PRODUCT_NAME = "$(TARGET_NAME)";
			};
			name = Debug;
		};
		7933DE6B19B21C6B00CE303A /* Release */ = {
			isa = XCBuildConfiguration;
			buildSettings = {
				ASSETCATALOG_COMPILER_APPICON_NAME = AppIcon;
				ASSETCATALOG_COMPILER_LAUNCHIMAGE_NAME = LaunchImage;
				INFOPLIST_FILE = "Uh oh!/Info.plist";
				LD_RUNPATH_SEARCH_PATHS = "$(inherited) @executable_path/Frameworks";
				PRODUCT_NAME = "$(TARGET_NAME)";
			};
			name = Release;
		};
		7933DE6D19B21C6B00CE303A /* Debug */ = {
			isa = XCBuildConfiguration;
			buildSettings = {
				BUNDLE_LOADER = "$(TEST_HOST)";
				FRAMEWORK_SEARCH_PATHS = (
					"$(SDKROOT)/Developer/Library/Frameworks",
					"$(inherited)",
				);
				GCC_PREPROCESSOR_DEFINITIONS = (
					"DEBUG=1",
					"$(inherited)",
				);
				INFOPLIST_FILE = "Uh oh!Tests/Info.plist";
				LD_RUNPATH_SEARCH_PATHS = "$(inherited) @executable_path/Frameworks @loader_path/Frameworks";
				PRODUCT_NAME = "$(TARGET_NAME)";
				TEST_HOST = "$(BUILT_PRODUCTS_DIR)/Uh oh!.app/Uh oh!";
			};
			name = Debug;
		};
		7933DE6E19B21C6B00CE303A /* Release */ = {
			isa = XCBuildConfiguration;
			buildSettings = {
				BUNDLE_LOADER = "$(TEST_HOST)";
				FRAMEWORK_SEARCH_PATHS = (
					"$(SDKROOT)/Developer/Library/Frameworks",
					"$(inherited)",
				);
				INFOPLIST_FILE = "Uh oh!Tests/Info.plist";
				LD_RUNPATH_SEARCH_PATHS = "$(inherited) @executable_path/Frameworks @loader_path/Frameworks";
				PRODUCT_NAME = "$(TARGET_NAME)";
				TEST_HOST = "$(BUILT_PRODUCTS_DIR)/Uh oh!.app/Uh oh!";
			};
			name = Release;
		};
/* End XCBuildConfiguration section */

/* Begin XCConfigurationList section */
		7933DE4819B21C6A00CE303A /* Build configuration list for PBXProject "Uh oh!" */ = {
			isa = XCConfigurationList;
			buildConfigurations = (
				7933DE6719B21C6B00CE303A /* Debug */,
				7933DE6819B21C6B00CE303A /* Release */,
			);
			defaultConfigurationIsVisible = 0;
			defaultConfigurationName = Release;
		};
		7933DE6919B21C6B00CE303A /* Build configuration list for PBXNativeTarget "Uh oh!" */ = {
			isa = XCConfigurationList;
			buildConfigurations = (
				7933DE6A19B21C6B00CE303A /* Debug */,
				7933DE6B19B21C6B00CE303A /* Release */,
			);
			defaultConfigurationIsVisible = 0;
			defaultConfigurationName = Release;
		};
		7933DE6C19B21C6B00CE303A /* Build configuration list for PBXNativeTarget "Uh oh!Tests" */ = {
			isa = XCConfigurationList;
			buildConfigurations = (
				7933DE6D19B21C6B00CE303A /* Debug */,
				7933DE6E19B21C6B00CE303A /* Release */,
			);
			defaultConfigurationIsVisible = 0;
			defaultConfigurationName = Release;
		};
/* End XCConfigurationList section */
	};
	rootObject = 7933DE4519B21C6A00CE303A /* Project object */;
}
